
Microsoft Visual Studio Solution File, Format Version 12.00
# Visual Studio Version 16
VisualStudioVersion = 16.0.32002.261
MinimumVisualStudioVersion = 10.0.40219.1
Project("{FAE04EC0-301F-11D3-BF4B-00C04F79EFBC}") = "Deliverable4_DustinCooksey", "Deliverable4_DustinCooksey.csproj", "{F5B5ABB0-5187-4084-9F3D-30B68E32E959}"
EndProject
Global
	GlobalSection(SolutionConfigurationPlatforms) = preSolution
		Debug|Any CPU = Debug|Any CPU
		Release|Any CPU = Release|Any CPU
	EndGlobalSection
	GlobalSection(ProjectConfigurationPlatforms) = postSolution
		{F5B5ABB0-5187-4084-9F3D-30B68E32E959}.Debug|Any CPU.ActiveCfg = Debug|Any CPU
		{F5B5ABB0-5187-4084-9F3D-30B68E32E959}.Debug|Any CPU.Build.0 = Debug|Any CPU
		{F5B5ABB0-5187-4084-9F3D-30B68E32E959}.Release|Any CPU.ActiveCfg = Release|Any CPU
		{F5B5ABB0-5187-4084-9F3D-30B68E32E959}.Release|Any CPU.Build.0 = Release|Any CPU
	EndGlobalSection
	GlobalSection(SolutionProperties) = preSolution
		HideSolutionNode = FALSE
	EndGlobalSection
	GlobalSection(ExtensibilityGlobals) = postSolution
		SolutionGuid = {E1200FDA-EF95-45E3-829D-8CB6CB0D3AE9}
	EndGlobalSection
EndGlobal
